{
  "name": "luno-bot",
  "version": "1.0.0",
  "lockfileVersion": 1,
  "requires": true,
  "dependencies": {
    "luno-node": {
      "version": "git+https://github.com/foxreymann/luno-node.git#5478bdc56382c26abb1d8cbcce986f8f1a1264f1",
      "from": "git+https://github.com/foxreymann/luno-node.git"
    }
  }
}
